// !$*UTF8*$!
{
	archiveVersion = 1;
	classes = {
	};
	objectVersion = 56;
	objects = {

/* Begin PBXBuildFile section */
		150B263728E4348700783D24 /* AppDelegate.swift in Sources */ = {isa = PBXBuildFile; fileRef = 150B263628E4348700783D24 /* AppDelegate.swift */; };
		150B263928E4348700783D24 /* SceneDelegate.swift in Sources */ = {isa = PBXBuildFile; fileRef = 150B263828E4348700783D24 /* SceneDelegate.swift */; };
		150B263B28E4348700783D24 /* ViewController.swift in Sources */ = {isa = PBXBuildFile; fileRef = 150B263A28E4348700783D24 /* ViewController.swift */; };
		150B263E28E4348700783D24 /* Main.storyboard in Resources */ = {isa = PBXBuildFile; fileRef = 150B263C28E4348700783D24 /* Main.storyboard */; };
		150B264028E4348A00783D24 /* Assets.xcassets in Resources */ = {isa = PBXBuildFile; fileRef = 150B263F28E4348A00783D24 /* Assets.xcassets */; };
		150B264328E4348A00783D24 /* LaunchScreen.storyboard in Resources */ = {isa = PBXBuildFile; fileRef = 150B264128E4348A00783D24 /* LaunchScreen.storyboard */; };
		150B264F28E4356500783D24 /* User.swift in Sources */ = {isa = PBXBuildFile; fileRef = 150B264E28E4356500783D24 /* User.swift */; };
		150B265128E4367800783D24 /* ViewModel.swift in Sources */ = {isa = PBXBuildFile; fileRef = 150B265028E4367800783D24 /* ViewModel.swift */; };
		150B265428E436C300783D24 /* Dynamic.swift in Sources */ = {isa = PBXBuildFile; fileRef = 150B265328E436C300783D24 /* Dynamic.swift */; };
/* End PBXBuildFile section */

/* Begin PBXFileReference section */
		150B263328E4348600783D24 /* MVVM_login_example.app */ = {isa = PBXFileReference; explicitFileType = wrapper.application; includeInIndex = 0; path = MVVM_login_example.app; sourceTree = BUILT_PRODUCTS_DIR; };
		150B263628E4348700783D24 /* AppDelegate.swift */ = {isa = PBXFileReference; lastKnownFileType = sourcecode.swift; path = AppDelegate.swift; sourceTree = "<group>"; };
		150B263828E4348700783D24 /* SceneDelegate.swift */ = {isa = PBXFileReference; lastKnownFileType = sourcecode.swift; path = SceneDelegate.swift; sourceTree = "<group>"; };
		150B263A28E4348700783D24 /* ViewController.swift */ = {isa = PBXFileReference; lastKnownFileType = sourcecode.swift; path = ViewController.swift; sourceTree = "<group>"; };
		150B263D28E4348700783D24 /* Base */ = {isa = PBXFileReference; lastKnownFileType = file.storyboard; name = Base; path = Base.lproj/Main.storyboard; sourceTree = "<group>"; };
		150B263F28E4348A00783D24 /* Assets.xcassets */ = {isa = PBXFileReference; lastKnownFileType = folder.assetcatalog; path = Assets.xcassets; sourceTree = "<group>"; };
		150B264228E4348A00783D24 /* Base */ = {isa = PBXFileReference; lastKnownFileType = file.storyboard; name = Base; path = Base.lproj/LaunchScreen.storyboard; sourceTree = "<group>"; };
		150B264428E4348A00783D24 /* Info.plist */ = {isa = PBXFileReference; lastKnownFileType = text.plist.xml; path = Info.plist; sourceTree = "<group>"; };
		150B264E28E4356500783D24 /* User.swift */ = {isa = PBXFileReference; lastKnownFileType = sourcecode.swift; path = User.swift; sourceTree = "<group>"; };
		150B265028E4367800783D24 /* ViewModel.swift */ = {isa = PBXFileReference; lastKnownFileType = sourcecode.swift; path = ViewModel.swift; sourceTree = "<group>"; };
		150B265328E436C300783D24 /* Dynamic.swift */ = {isa = PBXFileReference; lastKnownFileType = sourcecode.swift; path = Dynamic.swift; sourceTree = "<group>"; };
/* End PBXFileReference section */

/* Begin PBXFrameworksBuildPhase section */
		150B263028E4348600783D24 /* Frameworks */ = {
			isa = PBXFrameworksBuildPhase;
			buildActionMask = 2147483647;
			files = (
			);
			runOnlyForDeploymentPostprocessing = 0;
		};
/* End PBXFrameworksBuildPhase section */

/* Begin PBXGroup section */
		150B262A28E4348600783D24 = {
			isa = PBXGroup;
			children = (
				150B263528E4348700783D24 /* MVVM_login_example */,
				150B263428E4348600783D24 /* Products */,
			);
			sourceTree = "<group>";
		};
		150B263428E4348600783D24 /* Products */ = {
			isa = PBXGroup;
			children = (
				150B263328E4348600783D24 /* MVVM_login_example.app */,
			);
			name = Products;
			sourceTree = "<group>";
		};
		150B263528E4348700783D24 /* MVVM_login_example */ = {
			isa = PBXGroup;
			children = (
				150B264D28E4353E00783D24 /* Controller */,
				150B264C28E434A900783D24 /* ViewModel */,
				150B264B28E434A400783D24 /* View */,
				150B264A28E4349D00783D24 /* Model */,
				150B263628E4348700783D24 /* AppDelegate.swift */,
				150B263828E4348700783D24 /* SceneDelegate.swift */,
				150B263F28E4348A00783D24 /* Assets.xcassets */,
				150B264428E4348A00783D24 /* Info.plist */,
			);
			path = MVVM_login_example;
			sourceTree = "<group>";
		};
		150B264A28E4349D00783D24 /* Model */ = {
			isa = PBXGroup;
			children = (
				150B264E28E4356500783D24 /* User.swift */,
			);
			path = Model;
			sourceTree = "<group>";
		};
		150B264B28E434A400783D24 /* View */ = {
			isa = PBXGroup;
			children = (
				150B263C28E4348700783D24 /* Main.storyboard */,
				150B264128E4348A00783D24 /* LaunchScreen.storyboard */,
			);
			path = View;
			sourceTree = "<group>";
		};
		150B264C28E434A900783D24 /* ViewModel */ = {
			isa = PBXGroup;
			children = (
				150B265228E436B900783D24 /* Bindings */,
				150B265028E4367800783D24 /* ViewModel.swift */,
			);
			path = ViewModel;
			sourceTree = "<group>";
		};
		150B264D28E4353E00783D24 /* Controller */ = {
			isa = PBXGroup;
			children = (
				150B263A28E4348700783D24 /* ViewController.swift */,
			);
			path = Controller;
			sourceTree = "<group>";
		};
		150B265228E436B900783D24 /* Bindings */ = {
			isa = PBXGroup;
			children = (
				150B265328E436C300783D24 /* Dynamic.swift */,
			);
			path = Bindings;
			sourceTree = "<group>";
		};
/* End PBXGroup section */

/* Begin PBXNativeTarget section */
		150B263228E4348600783D24 /* MVVM_login_example */ = {
			isa = PBXNativeTarget;
			buildConfigurationList = 150B264728E4348A00783D24 /* Build configuration list for PBXNativeTarget "MVVM_login_example" */;
			buildPhases = (
				150B262F28E4348600783D24 /* Sources */,
				150B263028E4348600783D24 /* Frameworks */,
				150B263128E4348600783D24 /* Resources */,
			);
			buildRules = (
			);
			dependencies = (
			);
			name = MVVM_login_example;
			productName = MVVM_login_example;
			productReference = 150B263328E4348600783D24 /* MVVM_login_example.app */;
			productType = "com.apple.product-type.application";
		};
/* End PBXNativeTarget section */

/* Begin PBXProject section */
		150B262B28E4348600783D24 /* Project object */ = {
			isa = PBXProject;
			attributes = {
				BuildIndependentTargetsInParallel = 1;
				LastSwiftUpdateCheck = 1400;
				LastUpgradeCheck = 1400;
				TargetAttributes = {
					150B263228E4348600783D24 = {
						CreatedOnToolsVersion = 14.0.1;
					};
				};
			};
			buildConfigurationList = 150B262E28E4348600783D24 /* Build configuration list for PBXProject "MVVM_login_example" */;
			compatibilityVersion = "Xcode 14.0";
			developmentRegion = en;
			hasScannedForEncodings = 0;
			knownRegions = (
				en,
				Base,
			);
			mainGroup = 150B262A28E4348600783D24;
			productRefGroup = 150B263428E4348600783D24 /* Products */;
			projectDirPath = "";
			projectRoot = "";
			targets = (
				150B263228E4348600783D24 /* MVVM_login_example */,
			);
		};
/* End PBXProject section */

/* Begin PBXResourcesBuildPhase section */
		150B263128E4348600783D24 /* Resources */ = {
			isa = PBXResourcesBuildPhase;
			buildActionMask = 2147483647;
			files = (
				150B264328E4348A00783D24 /* LaunchScreen.storyboard in Resources */,
				150B264028E4348A00783D24 /* Assets.xcassets in Resources */,
				150B263E28E4348700783D24 /* Main.storyboard in Resources */,
			);
			runOnlyForDeploymentPostprocessing = 0;
		};
/* End PBXResourcesBuildPhase section */

/* Begin PBXSourcesBuildPhase section */
		150B262F28E4348600783D24 /* Sources */ = {
			isa = PBXSourcesBuildPhase;
			buildActionMask = 2147483647;
			files = (
				150B265128E4367800783D24 /* ViewModel.swift in Sources */,
				150B264F28E4356500783D24 /* User.swift in Sources */,
				150B263B28E4348700783D24 /* ViewController.swift in Sources */,
				150B265428E436C300783D24 /* Dynamic.swift in Sources */,
				150B263728E4348700783D24 /* AppDelegate.swift in Sources */,
				150B263928E4348700783D24 /* SceneDelegate.swift in Sources */,
			);
			runOnlyForDeploymentPostprocessing = 0;
		};
/* End PBXSourcesBuildPhase section */

/* Begin PBXVariantGroup section */
		150B263C28E4348700783D24 /* Main.storyboard */ = {
			isa = PBXVariantGroup;
			children = (
				150B263D28E4348700783D24 /* Base */,
			);
			name = Main.storyboard;
			sourceTree = "<group>";
		};
		150B264128E4348A00783D24 /* LaunchScreen.storyboard */ = {
			isa = PBXVariantGroup;
			children = (
				150B264228E4348A00783D24 /* Base */,
			);
			name = LaunchScreen.storyboard;
			sourceTree = "<group>";
		};
/* End PBXVariantGroup section */

/* Begin XCBuildConfiguration section */
		150B264528E4348A00783D24 /* Debug */ = {
			isa = XCBuildConfiguration;
			buildSettings = {
				ALWAYS_SEARCH_USER_PATHS = NO;
				CLANG_ANALYZER_NONNULL = YES;
				CLANG_ANALYZER_NUMBER_OBJECT_CONVERSION = YES_AGGRESSIVE;
				CLANG_CXX_LANGUAGE_STANDARD = "gnu++20";
				CLANG_ENABLE_MODULES = YES;
				CLANG_ENABLE_OBJC_ARC = YES;
				CLANG_ENABLE_OBJC_WEAK = YES;
				CLANG_WARN_BLOCK_CAPTURE_AUTORELEASING = YES;
				CLANG_WARN_BOOL_CONVERSION = YES;
				CLANG_WARN_COMMA = YES;
				CLANG_WARN_CONSTANT_CONVERSION = YES;
				CLANG_WARN_DEPRECATED_OBJC_IMPLEMENTATIONS = YES;
				CLANG_WARN_DIRECT_OBJC_ISA_USAGE = YES_ERROR;
				CLANG_WARN_DOCUMENTATION_COMMENTS = YES;
				CLANG_WARN_EMPTY_BODY = YES;
				CLANG_WARN_ENUM_CONVERSION = YES;
				CLANG_WARN_INFINITE_RECURSION = YES;
				CLANG_WARN_INT_CONVERSION = YES;
				CLANG_WARN_NON_LITERAL_NULL_CONVERSION = YES;
				CLANG_WARN_OBJC_IMPLICIT_RETAIN_SELF = YES;
				CLANG_WARN_OBJC_LITERAL_CONVERSION = YES;
				CLANG_WARN_OBJC_ROOT_CLASS = YES_ERROR;
				CLANG_WARN_QUOTED_INCLUDE_IN_FRAMEWORK_HEADER = YES;
				CLANG_WARN_RANGE_LOOP_ANALYSIS = YES;
				CLANG_WARN_STRICT_PROTOTYPES = YES;
				CLANG_WARN_SUSPICIOUS_MOVE = YES;
				CLANG_WARN_UNGUARDED_AVAILABILITY = YES_AGGRESSIVE;
				CLANG_WARN_UNREACHABLE_CODE = YES;
				CLANG_WARN__DUPLICATE_METHOD_MATCH = YES;
				COPY_PHASE_STRIP = NO;
				DEBUG_INFORMATION_FORMAT = dwarf;
				ENABLE_STRICT_OBJC_MSGSEND = YES;
				ENABLE_TESTABILITY = YES;
				GCC_C_LANGUAGE_STANDARD = gnu11;
				GCC_DYNAMIC_NO_PIC = NO;
				GCC_NO_COMMON_BLOCKS = YES;
				GCC_OPTIMIZATION_LEVEL = 0;
				GCC_PREPROCESSOR_DEFINITIONS = (
					"DEBUG=1",
					"$(inherited)",
				);
				GCC_WARN_64_TO_32_BIT_CONVERSION = YES;
				GCC_WARN_ABOUT_RETURN_TYPE = YES_ERROR;
				GCC_WARN_UNDECLARED_SELECTOR = YES;
				GCC_WARN_UNINITIALIZED_AUTOS = YES_AGGRESSIVE;
				GCC_WARN_UNUSED_FUNCTION = YES;
				GCC_WARN_UNUSED_VARIABLE = YES;
				IPHONEOS_DEPLOYMENT_TARGET = 16.0;
				MTL_ENABLE_DEBUG_INFO = INCLUDE_SOURCE;
				MTL_FAST_MATH = YES;
				ONLY_ACTIVE_ARCH = YES;
				SDKROOT = iphoneos;
				SWIFT_ACTIVE_COMPILATION_CONDITIONS = DEBUG;
				SWIFT_OPTIMIZATION_LEVEL = "-Onone";
			};
			name = Debug;
		};
		150B264628E4348A00783D24 /* Release */ = {
			isa = XCBuildConfiguration;
			buildSettings = {
				ALWAYS_SEARCH_USER_PATHS = NO;
				CLANG_ANALYZER_NONNULL = YES;
				CLANG_ANALYZER_NUMBER_OBJECT_CONVERSION = YES_AGGRESSIVE;
				CLANG_CXX_LANGUAGE_STANDARD = "gnu++20";
				CLANG_ENABLE_MODULES = YES;
				CLANG_ENABLE_OBJC_ARC = YES;
				CLANG_ENABLE_OBJC_WEAK = YES;
				CLANG_WARN_BLOCK_CAPTURE_AUTORELEASING = YES;
				CLANG_WARN_BOOL_CONVERSION = YES;
				CLANG_WARN_COMMA = YES;
				CLANG_WARN_CONSTANT_CONVERSION = YES;
				CLANG_WARN_DEPRECATED_OBJC_IMPLEMENTATIONS = YES;
				CLANG_WARN_DIRECT_OBJC_ISA_USAGE = YES_ERROR;
				CLANG_WARN_DOCUMENTATION_COMMENTS = YES;
				CLANG_WARN_EMPTY_BODY = YES;
				CLANG_WARN_ENUM_CONVERSION = YES;
				CLANG_WARN_INFINITE_RECURSION = YES;
				CLANG_WARN_INT_CONVERSION = YES;
				CLANG_WARN_NON_LITERAL_NULL_CONVERSION = YES;
				CLANG_WARN_OBJC_IMPLICIT_RETAIN_SELF = YES;
				CLANG_WARN_OBJC_LITERAL_CONVERSION = YES;
				CLANG_WARN_OBJC_ROOT_CLASS = YES_ERROR;
				CLANG_WARN_QUOTED_INCLUDE_IN_FRAMEWORK_HEADER = YES;
				CLANG_WARN_RANGE_LOOP_ANALYSIS = YES;
				CLANG_WARN_STRICT_PROTOTYPES = YES;
				CLANG_WARN_SUSPICIOUS_MOVE = YES;
				CLANG_WARN_UNGUARDED_AVAILABILITY = YES_AGGRESSIVE;
				CLANG_WARN_UNREACHABLE_CODE = YES;
				CLANG_WARN__DUPLICATE_METHOD_MATCH = YES;
				COPY_PHASE_STRIP = NO;
				DEBUG_INFORMATION_FORMAT = "dwarf-with-dsym";
				ENABLE_NS_ASSERTIONS = NO;
				ENABLE_STRICT_OBJC_MSGSEND = YES;
				GCC_C_LANGUAGE_STANDARD = gnu11;
				GCC_NO_COMMON_BLOCKS = YES;
				GCC_WARN_64_TO_32_BIT_CONVERSION = YES;
				GCC_WARN_ABOUT_RETURN_TYPE = YES_ERROR;
				GCC_WARN_UNDECLARED_SELECTOR = YES;
				GCC_WARN_UNINITIALIZED_AUTOS = YES_AGGRESSIVE;
				GCC_WARN_UNUSED_FUNCTION = YES;
				GCC_WARN_UNUSED_VARIABLE = YES;
				IPHONEOS_DEPLOYMENT_TARGET = 16.0;
				MTL_ENABLE_DEBUG_INFO = NO;
				MTL_FAST_MATH = YES;
				SDKROOT = iphoneos;
				SWIFT_COMPILATION_MODE = wholemodule;
				SWIFT_OPTIMIZATION_LEVEL = "-O";
				VALIDATE_PRODUCT = YES;
			};
			name = Release;
		};
		150B264828E4348A00783D24 /* Debug */ = {
			isa = XCBuildConfiguration;
			buildSettings = {
				ASSETCATALOG_COMPILER_APPICON_NAME = AppIcon;
				ASSETCATALOG_COMPILER_GLOBAL_ACCENT_COLOR_NAME = AccentColor;
				CODE_SIGN_STYLE = Automatic;
				CURRENT_PROJECT_VERSION = 1;
				DEVELOPMENT_TEAM = 3X884PBRG2;
				GENERATE_INFOPLIST_FILE = YES;
				INFOPLIST_FILE = MVVM_login_example/Info.plist;
				INFOPLIST_KEY_UIApplicationSupportsIndirectInputEvents = YES;
				INFOPLIST_KEY_UILaunchStoryboardName = LaunchScreen;
				INFOPLIST_KEY_UIMainStoryboardFile = Main;
				INFOPLIST_KEY_UISupportedInterfaceOrientations_iPad = "UIInterfaceOrientationPortrait UIInterfaceOrientationPortraitUpsideDown UIInterfaceOrientationLandscapeLeft UIInterfaceOrientationLandscapeRight";
				INFOPLIST_KEY_UISupportedInterfaceOrientations_iPhone = "UIInterfaceOrientationPortrait UIInterfaceOrientationLandscapeLeft UIInterfaceOrientationLandscapeRight";
				LD_RUNPATH_SEARCH_PATHS = (
					"$(inherited)",
					"@executable_path/Frameworks",
				);
				MARKETING_VERSION = 1.0;
				PRODUCT_BUNDLE_IDENTIFIER = "com.karlis.lv.MVVM-login-example";
				PRODUCT_NAME = "$(TARGET_NAME)";
				SWIFT_EMIT_LOC_STRINGS = YES;
				SWIFT_VERSION = 5.0;
				TARGETED_DEVICE_FAMILY = "1,2";
			};
			name = Debug;
		};
		150B264928E4348A00783D24 /* Release */ = {
			isa = XCBuildConfiguration;
			buildSettings = {
				ASSETCATALOG_COMPILER_APPICON_NAME = AppIcon;
				ASSETCATALOG_COMPILER_GLOBAL_ACCENT_COLOR_NAME = AccentColor;
				CODE_SIGN_STYLE = Automatic;
				CURRENT_PROJECT_VERSION = 1;
				DEVELOPMENT_TEAM = 3X884PBRG2;
				GENERATE_INFOPLIST_FILE = YES;
				INFOPLIST_FILE = MVVM_login_example/Info.plist;
				INFOPLIST_KEY_UIApplicationSupportsIndirectInputEvents = YES;
				INFOPLIST_KEY_UILaunchStoryboardName = LaunchScreen;
				INFOPLIST_KEY_UIMainStoryboardFile = Main;
				INFOPLIST_KEY_UISupportedInterfaceOrientations_iPad = "UIInterfaceOrientationPortrait UIInterfaceOrientationPortraitUpsideDown UIInterfaceOrientationLandscapeLeft UIInterfaceOrientationLandscapeRight";
				INFOPLIST_KEY_UISupportedInterfaceOrientations_iPhone = "UIInterfaceOrientationPortrait UIInterfaceOrientationLandscapeLeft UIInterfaceOrientationLandscapeRight";
				LD_RUNPATH_SEARCH_PATHS = (
					"$(inherited)",
					"@executable_path/Frameworks",
				);
				MARKETING_VERSION = 1.0;
				PRODUCT_BUNDLE_IDENTIFIER = "com.karlis.lv.MVVM-login-example";
				PRODUCT_NAME = "$(TARGET_NAME)";
				SWIFT_EMIT_LOC_STRINGS = YES;
				SWIFT_VERSION = 5.0;
				TARGETED_DEVICE_FAMILY = "1,2";
			};
			name = Release;
		};
/* End XCBuildConfiguration section */

/* Begin XCConfigurationList section */
		150B262E28E4348600783D24 /* Build configuration list for PBXProject "MVVM_login_example" */ = {
			isa = XCConfigurationList;
			buildConfigurations = (
				150B264528E4348A00783D24 /* Debug */,
				150B264628E4348A00783D24 /* Release */,
			);
			defaultConfigurationIsVisible = 0;
			defaultConfigurationName = Release;
		};
		150B264728E4348A00783D24 /* Build configuration list for PBXNativeTarget "MVVM_login_example" */ = {
			isa = XCConfigurationList;
			buildConfigurations = (
				150B264828E4348A00783D24 /* Debug */,
				150B264928E4348A00783D24 /* Release */,
			);
			defaultConfigurationIsVisible = 0;
			defaultConfigurationName = Release;
		};
/* End XCConfigurationList section */
	};
	rootObject = 150B262B28E4348600783D24 /* Project object */;
}
